
Microsoft Visual Studio Solution File, Format Version 12.00
# Visual Studio 15
VisualStudioVersion = 15.0.28307.960
MinimumVisualStudioVersion = 10.0.40219.1
Project("{9A19103F-16F7-4668-BE54-9A1E7A4F7556}") = "Single Number", "Leetcode\Single Number.csproj", "{EFD94F57-6B60-468D-A303-A1079F0513E4}"
EndProject
Project("{9A19103F-16F7-4668-BE54-9A1E7A4F7556}") = "Happy Number", "Happy Number\Happy Number.csproj", "{B2F977B7-5150-4DE6-B7C8-FEA50C498C61}"
EndProject
Project("{9A19103F-16F7-4668-BE54-9A1E7A4F7556}") = "Jewels and Stones", "Jewels and Stones\Jewels and Stones.csproj", "{EF485606-FD1E-4999-B6D0-FC87650799B8}"
EndProject
Project("{FAE04EC0-301F-11D3-BF4B-00C04F79EFBC}") = "Ransom Note", "Ransom Note\Ransom Note.csproj", "{FB63952A-A3F7-423C-94DA-1FFD82A2E4A9}"
EndProject
Project("{FAE04EC0-301F-11D3-BF4B-00C04F79EFBC}") = "First Unique Character in a String", "First Unique Character in a String\First Unique Character in a String.csproj", "{17A7E171-F6E2-4512-B8AD-C144A53BD051}"
EndProject
Project("{FAE04EC0-301F-11D3-BF4B-00C04F79EFBC}") = "Majority Element", "Majority Element\Majority Element.csproj", "{80985597-A5E7-4AE2-A63D-3800D49E85E9}"
EndProject
Global
	GlobalSection(SolutionConfigurationPlatforms) = preSolution
		Debug|Any CPU = Debug|Any CPU
		Release|Any CPU = Release|Any CPU
	EndGlobalSection
	GlobalSection(ProjectConfigurationPlatforms) = postSolution
		{EFD94F57-6B60-468D-A303-A1079F0513E4}.Debug|Any CPU.ActiveCfg = Debug|Any CPU
		{EFD94F57-6B60-468D-A303-A1079F0513E4}.Debug|Any CPU.Build.0 = Debug|Any CPU
		{EFD94F57-6B60-468D-A303-A1079F0513E4}.Release|Any CPU.ActiveCfg = Release|Any CPU
		{EFD94F57-6B60-468D-A303-A1079F0513E4}.Release|Any CPU.Build.0 = Release|Any CPU
		{B2F977B7-5150-4DE6-B7C8-FEA50C498C61}.Debug|Any CPU.ActiveCfg = Debug|Any CPU
		{B2F977B7-5150-4DE6-B7C8-FEA50C498C61}.Debug|Any CPU.Build.0 = Debug|Any CPU
		{B2F977B7-5150-4DE6-B7C8-FEA50C498C61}.Release|Any CPU.ActiveCfg = Release|Any CPU
		{B2F977B7-5150-4DE6-B7C8-FEA50C498C61}.Release|Any CPU.Build.0 = Release|Any CPU
		{EF485606-FD1E-4999-B6D0-FC87650799B8}.Debug|Any CPU.ActiveCfg = Debug|Any CPU
		{EF485606-FD1E-4999-B6D0-FC87650799B8}.Debug|Any CPU.Build.0 = Debug|Any CPU
		{EF485606-FD1E-4999-B6D0-FC87650799B8}.Release|Any CPU.ActiveCfg = Release|Any CPU
		{EF485606-FD1E-4999-B6D0-FC87650799B8}.Release|Any CPU.Build.0 = Release|Any CPU
		{FB63952A-A3F7-423C-94DA-1FFD82A2E4A9}.Debug|Any CPU.ActiveCfg = Debug|Any CPU
		{FB63952A-A3F7-423C-94DA-1FFD82A2E4A9}.Debug|Any CPU.Build.0 = Debug|Any CPU
		{FB63952A-A3F7-423C-94DA-1FFD82A2E4A9}.Release|Any CPU.ActiveCfg = Release|Any CPU
		{FB63952A-A3F7-423C-94DA-1FFD82A2E4A9}.Release|Any CPU.Build.0 = Release|Any CPU
		{17A7E171-F6E2-4512-B8AD-C144A53BD051}.Debug|Any CPU.ActiveCfg = Debug|Any CPU
		{17A7E171-F6E2-4512-B8AD-C144A53BD051}.Debug|Any CPU.Build.0 = Debug|Any CPU
		{17A7E171-F6E2-4512-B8AD-C144A53BD051}.Release|Any CPU.ActiveCfg = Release|Any CPU
		{17A7E171-F6E2-4512-B8AD-C144A53BD051}.Release|Any CPU.Build.0 = Release|Any CPU
		{80985597-A5E7-4AE2-A63D-3800D49E85E9}.Debug|Any CPU.ActiveCfg = Debug|Any CPU
		{80985597-A5E7-4AE2-A63D-3800D49E85E9}.Debug|Any CPU.Build.0 = Debug|Any CPU
		{80985597-A5E7-4AE2-A63D-3800D49E85E9}.Release|Any CPU.ActiveCfg = Release|Any CPU
		{80985597-A5E7-4AE2-A63D-3800D49E85E9}.Release|Any CPU.Build.0 = Release|Any CPU
	EndGlobalSection
	GlobalSection(SolutionProperties) = preSolution
		HideSolutionNode = FALSE
	EndGlobalSection
	GlobalSection(ExtensibilityGlobals) = postSolution
		SolutionGuid = {ADB5E285-EBCB-46D3-86C5-9C97816DC880}
	EndGlobalSection
EndGlobal
